
Microsoft Visual Studio Solution File, Format Version 12.00
# Visual Studio 2015
Project("{FAE04EC0-301F-11D3-BF4B-00C04F79EFBC}") = "UnityProjects", "UnityProjects.csproj", "{60E35E9C-EA53-8781-7DBF-6F2835BC055D}"
EndProject
Global
	GlobalSection(SolutionConfigurationPlatforms) = preSolution
		Debug|Any CPU = Debug|Any CPU
		Release|Any CPU = Release|Any CPU
	EndGlobalSection
	GlobalSection(ProjectConfigurationPlatforms) = postSolution
		{60E35E9C-EA53-8781-7DBF-6F2835BC055D}.Debug|Any CPU.ActiveCfg = Debug|Any CPU
		{60E35E9C-EA53-8781-7DBF-6F2835BC055D}.Debug|Any CPU.Build.0 = Debug|Any CPU
		{60E35E9C-EA53-8781-7DBF-6F2835BC055D}.Release|Any CPU.ActiveCfg = Release|Any CPU
		{60E35E9C-EA53-8781-7DBF-6F2835BC055D}.Release|Any CPU.Build.0 = Release|Any CPU
	EndGlobalSection
	GlobalSection(SolutionProperties) = preSolution
		HideSolutionNode = FALSE
	EndGlobalSection
EndGlobal
